
Microsoft Visual Studio Solution File, Format Version 12.00
Project("{FAE04EC0-301F-11D3-BF4B-00C04F79EFBC}") = "MadFoundation", "MadFoundation.csproj", "{A369DADE-1C30-4138-A0DD-444D2F04605E}"
EndProject
Global
	GlobalSection(SolutionConfigurationPlatforms) = preSolution
		Debug|Any CPU = Debug|Any CPU
		Release|Any CPU = Release|Any CPU
	EndGlobalSection
	GlobalSection(ProjectConfigurationPlatforms) = postSolution
		{A369DADE-1C30-4138-A0DD-444D2F04605E}.Debug|Any CPU.ActiveCfg = Debug|Any CPU
		{A369DADE-1C30-4138-A0DD-444D2F04605E}.Debug|Any CPU.Build.0 = Debug|Any CPU
		{A369DADE-1C30-4138-A0DD-444D2F04605E}.Release|Any CPU.ActiveCfg = Release|Any CPU
		{A369DADE-1C30-4138-A0DD-444D2F04605E}.Release|Any CPU.Build.0 = Release|Any CPU
	EndGlobalSection
EndGlobal
